
Microsoft Visual Studio Solution File, Format Version 12.00
# Visual Studio Version 17
VisualStudioVersion = 17.3.32929.385
MinimumVisualStudioVersion = 10.0.40219.1
Project("{FAE04EC0-301F-11D3-BF4B-00C04F79EFBC}") = "ZealandOverflowAPI", "ZealandOverflowAPI\ZealandOverflowAPI.csproj", "{AA0013F7-165F-4232-8581-5D5EC4186694}"
EndProject
Global
	GlobalSection(SolutionConfigurationPlatforms) = preSolution
		Debug|Any CPU = Debug|Any CPU
		Release|Any CPU = Release|Any CPU
	EndGlobalSection
	GlobalSection(ProjectConfigurationPlatforms) = postSolution
		{AA0013F7-165F-4232-8581-5D5EC4186694}.Debug|Any CPU.ActiveCfg = Debug|Any CPU
		{AA0013F7-165F-4232-8581-5D5EC4186694}.Debug|Any CPU.Build.0 = Debug|Any CPU
		{AA0013F7-165F-4232-8581-5D5EC4186694}.Release|Any CPU.ActiveCfg = Release|Any CPU
		{AA0013F7-165F-4232-8581-5D5EC4186694}.Release|Any CPU.Build.0 = Release|Any CPU
	EndGlobalSection
	GlobalSection(SolutionProperties) = preSolution
		HideSolutionNode = FALSE
	EndGlobalSection
	GlobalSection(ExtensibilityGlobals) = postSolution
		SolutionGuid = {88B4F393-C322-4707-801E-8DD25938AB4B}
	EndGlobalSection
EndGlobal
